// !$*UTF8*$!
{
	archiveVersion = 1;
	classes = {
	};
	objectVersion = 56;
	objects = {

/* Begin PBXBuildFile section */
		655B8DAB2BC4BFF800BCB45C /* yemek.sqlite in Resources */ = {isa = PBXBuildFile; fileRef = 655B8DAA2BC4BFF800BCB45C /* yemek.sqlite */; };
		6564C3882BC4B6EB00D32235 /* FMResultSet.m in Sources */ = {isa = PBXBuildFile; fileRef = 6564C37D2BC4B6EB00D32235 /* FMResultSet.m */; };
		6564C3892BC4B6EB00D32235 /* FMDatabase.m in Sources */ = {isa = PBXBuildFile; fileRef = 6564C37E2BC4B6EB00D32235 /* FMDatabase.m */; };
		6564C38A2BC4B6EB00D32235 /* FMDatabaseQueue.m in Sources */ = {isa = PBXBuildFile; fileRef = 6564C3832BC4B6EB00D32235 /* FMDatabaseQueue.m */; };
		6564C38B2BC4B6EB00D32235 /* FMDatabasePool.m in Sources */ = {isa = PBXBuildFile; fileRef = 6564C3862BC4B6EB00D32235 /* FMDatabasePool.m */; };
		6564C38C2BC4B6EB00D32235 /* FMDatabaseAdditions.m in Sources */ = {isa = PBXBuildFile; fileRef = 6564C3872BC4B6EB00D32235 /* FMDatabaseAdditions.m */; };
		6581E14D2BB8C143007B6940 /* Yemekler_SwiftUIApp.swift in Sources */ = {isa = PBXBuildFile; fileRef = 6581E14C2BB8C143007B6940 /* Yemekler_SwiftUIApp.swift */; };
		6581E14F2BB8C143007B6940 /* HomeView.swift in Sources */ = {isa = PBXBuildFile; fileRef = 6581E14E2BB8C143007B6940 /* HomeView.swift */; };
		6581E1512BB8C145007B6940 /* Assets.xcassets in Resources */ = {isa = PBXBuildFile; fileRef = 6581E1502BB8C145007B6940 /* Assets.xcassets */; };
		6581E1542BB8C145007B6940 /* Preview Assets.xcassets in Resources */ = {isa = PBXBuildFile; fileRef = 6581E1532BB8C145007B6940 /* Preview Assets.xcassets */; };
		65B0444E2BB8C24500825223 /* DetailView.swift in Sources */ = {isa = PBXBuildFile; fileRef = 65B0444D2BB8C24500825223 /* DetailView.swift */; };
		65B044502BB8C2B200825223 /* Model.swift in Sources */ = {isa = PBXBuildFile; fileRef = 65B0444F2BB8C2B200825223 /* Model.swift */; };
		65B044522BB8C5AD00825223 /* FoodRow.swift in Sources */ = {isa = PBXBuildFile; fileRef = 65B044512BB8C5AD00825223 /* FoodRow.swift */; };
		65F4CBCD2BBE0EF500615BC0 /* HomeViewModel.swift in Sources */ = {isa = PBXBuildFile; fileRef = 65F4CBCC2BBE0EF500615BC0 /* HomeViewModel.swift */; };
/* End PBXBuildFile section */

/* Begin PBXFileReference section */
		655B8DAA2BC4BFF800BCB45C /* yemek.sqlite */ = {isa = PBXFileReference; lastKnownFileType = file; path = yemek.sqlite; sourceTree = "<group>"; };
		6564C37A2BC4B6A500D32235 /* libsqlite3.tbd */ = {isa = PBXFileReference; lastKnownFileType = "sourcecode.text-based-dylib-definition"; name = libsqlite3.tbd; path = usr/lib/libsqlite3.tbd; sourceTree = SDKROOT; };
		6564C37C2BC4B6EB00D32235 /* Yemekler-SwiftUI-Bridging-Header.h */ = {isa = PBXFileReference; lastKnownFileType = sourcecode.c.h; path = "Yemekler-SwiftUI-Bridging-Header.h"; sourceTree = "<group>"; };
		6564C37D2BC4B6EB00D32235 /* FMResultSet.m */ = {isa = PBXFileReference; fileEncoding = 4; lastKnownFileType = sourcecode.c.objc; path = FMResultSet.m; sourceTree = "<group>"; };
		6564C37E2BC4B6EB00D32235 /* FMDatabase.m */ = {isa = PBXFileReference; fileEncoding = 4; lastKnownFileType = sourcecode.c.objc; path = FMDatabase.m; sourceTree = "<group>"; };
		6564C37F2BC4B6EB00D32235 /* FMDatabaseAdditions.h */ = {isa = PBXFileReference; fileEncoding = 4; lastKnownFileType = sourcecode.c.h; path = FMDatabaseAdditions.h; sourceTree = "<group>"; };
		6564C3802BC4B6EB00D32235 /* FMDatabaseQueue.h */ = {isa = PBXFileReference; fileEncoding = 4; lastKnownFileType = sourcecode.c.h; path = FMDatabaseQueue.h; sourceTree = "<group>"; };
		6564C3812BC4B6EB00D32235 /* FMDatabase.h */ = {isa = PBXFileReference; fileEncoding = 4; lastKnownFileType = sourcecode.c.h; path = FMDatabase.h; sourceTree = "<group>"; };
		6564C3822BC4B6EB00D32235 /* FMDB.h */ = {isa = PBXFileReference; fileEncoding = 4; lastKnownFileType = sourcecode.c.h; path = FMDB.h; sourceTree = "<group>"; };
		6564C3832BC4B6EB00D32235 /* FMDatabaseQueue.m */ = {isa = PBXFileReference; fileEncoding = 4; lastKnownFileType = sourcecode.c.objc; path = FMDatabaseQueue.m; sourceTree = "<group>"; };
		6564C3842BC4B6EB00D32235 /* FMDatabasePool.h */ = {isa = PBXFileReference; fileEncoding = 4; lastKnownFileType = sourcecode.c.h; path = FMDatabasePool.h; sourceTree = "<group>"; };
		6564C3852BC4B6EB00D32235 /* FMResultSet.h */ = {isa = PBXFileReference; fileEncoding = 4; lastKnownFileType = sourcecode.c.h; path = FMResultSet.h; sourceTree = "<group>"; };
		6564C3862BC4B6EB00D32235 /* FMDatabasePool.m */ = {isa = PBXFileReference; fileEncoding = 4; lastKnownFileType = sourcecode.c.objc; path = FMDatabasePool.m; sourceTree = "<group>"; };
		6564C3872BC4B6EB00D32235 /* FMDatabaseAdditions.m */ = {isa = PBXFileReference; fileEncoding = 4; lastKnownFileType = sourcecode.c.objc; path = FMDatabaseAdditions.m; sourceTree = "<group>"; };
		6581E1492BB8C143007B6940 /* Yemekler-SwiftUI.app */ = {isa = PBXFileReference; explicitFileType = wrapper.application; includeInIndex = 0; path = "Yemekler-SwiftUI.app"; sourceTree = BUILT_PRODUCTS_DIR; };
		6581E14C2BB8C143007B6940 /* Yemekler_SwiftUIApp.swift */ = {isa = PBXFileReference; lastKnownFileType = sourcecode.swift; path = Yemekler_SwiftUIApp.swift; sourceTree = "<group>"; };
		6581E14E2BB8C143007B6940 /* HomeView.swift */ = {isa = PBXFileReference; lastKnownFileType = sourcecode.swift; path = HomeView.swift; sourceTree = "<group>"; };
		6581E1502BB8C145007B6940 /* Assets.xcassets */ = {isa = PBXFileReference; lastKnownFileType = folder.assetcatalog; path = Assets.xcassets; sourceTree = "<group>"; };
		6581E1532BB8C145007B6940 /* Preview Assets.xcassets */ = {isa = PBXFileReference; lastKnownFileType = folder.assetcatalog; path = "Preview Assets.xcassets"; sourceTree = "<group>"; };
		65B0444D2BB8C24500825223 /* DetailView.swift */ = {isa = PBXFileReference; lastKnownFileType = sourcecode.swift; path = DetailView.swift; sourceTree = "<group>"; };
		65B0444F2BB8C2B200825223 /* Model.swift */ = {isa = PBXFileReference; lastKnownFileType = sourcecode.swift; path = Model.swift; sourceTree = "<group>"; };
		65B044512BB8C5AD00825223 /* FoodRow.swift */ = {isa = PBXFileReference; lastKnownFileType = sourcecode.swift; path = FoodRow.swift; sourceTree = "<group>"; };
		65F4CBCC2BBE0EF500615BC0 /* HomeViewModel.swift */ = {isa = PBXFileReference; lastKnownFileType = sourcecode.swift; path = HomeViewModel.swift; sourceTree = "<group>"; };
/* End PBXFileReference section */

/* Begin PBXFrameworksBuildPhase section */
		6581E1462BB8C143007B6940 /* Frameworks */ = {
			isa = PBXFrameworksBuildPhase;
			buildActionMask = 2147483647;
			files = (
			);
			runOnlyForDeploymentPostprocessing = 0;
		};
/* End PBXFrameworksBuildPhase section */

/* Begin PBXGroup section */
		6564C3792BC4B6A500D32235 /* Frameworks */ = {
			isa = PBXGroup;
			children = (
				6564C37A2BC4B6A500D32235 /* libsqlite3.tbd */,
			);
			name = Frameworks;
			sourceTree = "<group>";
		};
		6564C37B2BC4B6DC00D32235 /* FMDB */ = {
			isa = PBXGroup;
			children = (
				6564C3812BC4B6EB00D32235 /* FMDatabase.h */,
				6564C37E2BC4B6EB00D32235 /* FMDatabase.m */,
				6564C37F2BC4B6EB00D32235 /* FMDatabaseAdditions.h */,
				6564C3872BC4B6EB00D32235 /* FMDatabaseAdditions.m */,
				6564C3842BC4B6EB00D32235 /* FMDatabasePool.h */,
				6564C3862BC4B6EB00D32235 /* FMDatabasePool.m */,
				6564C3802BC4B6EB00D32235 /* FMDatabaseQueue.h */,
				6564C3832BC4B6EB00D32235 /* FMDatabaseQueue.m */,
				6564C3822BC4B6EB00D32235 /* FMDB.h */,
				6564C3852BC4B6EB00D32235 /* FMResultSet.h */,
				6564C37D2BC4B6EB00D32235 /* FMResultSet.m */,
				6564C37C2BC4B6EB00D32235 /* Yemekler-SwiftUI-Bridging-Header.h */,
			);
			path = FMDB;
			sourceTree = "<group>";
		};
		6581E1402BB8C143007B6940 = {
			isa = PBXGroup;
			children = (
				6581E14B2BB8C143007B6940 /* Yemekler-SwiftUI */,
				6581E14A2BB8C143007B6940 /* Products */,
				6564C3792BC4B6A500D32235 /* Frameworks */,
			);
			sourceTree = "<group>";
		};
		6581E14A2BB8C143007B6940 /* Products */ = {
			isa = PBXGroup;
			children = (
				6581E1492BB8C143007B6940 /* Yemekler-SwiftUI.app */,
			);
			name = Products;
			sourceTree = "<group>";
		};
		6581E14B2BB8C143007B6940 /* Yemekler-SwiftUI */ = {
			isa = PBXGroup;
			children = (
				6581E14C2BB8C143007B6940 /* Yemekler_SwiftUIApp.swift */,
				655B8DAA2BC4BFF800BCB45C /* yemek.sqlite */,
				65F4CBC92BBE0E9A00615BC0 /* Model */,
				65F4CBCA2BBE0EA300615BC0 /* View */,
				65F4CBCB2BBE0EDE00615BC0 /* ViewModel */,
				6581E1502BB8C145007B6940 /* Assets.xcassets */,
				6581E1522BB8C145007B6940 /* Preview Content */,
			);
			path = "Yemekler-SwiftUI";
			sourceTree = "<group>";
		};
		6581E1522BB8C145007B6940 /* Preview Content */ = {
			isa = PBXGroup;
			children = (
				6581E1532BB8C145007B6940 /* Preview Assets.xcassets */,
			);
			path = "Preview Content";
			sourceTree = "<group>";
		};
		65F4CBC92BBE0E9A00615BC0 /* Model */ = {
			isa = PBXGroup;
			children = (
				6564C37B2BC4B6DC00D32235 /* FMDB */,
				65B0444F2BB8C2B200825223 /* Model.swift */,
			);
			path = Model;
			sourceTree = "<group>";
		};
		65F4CBCA2BBE0EA300615BC0 /* View */ = {
			isa = PBXGroup;
			children = (
				6581E14E2BB8C143007B6940 /* HomeView.swift */,
				65B0444D2BB8C24500825223 /* DetailView.swift */,
				65F4CBCE2BBE0F0800615BC0 /* List */,
			);
			path = View;
			sourceTree = "<group>";
		};
		65F4CBCB2BBE0EDE00615BC0 /* ViewModel */ = {
			isa = PBXGroup;
			children = (
				65F4CBCC2BBE0EF500615BC0 /* HomeViewModel.swift */,
			);
			path = ViewModel;
			sourceTree = "<group>";
		};
		65F4CBCE2BBE0F0800615BC0 /* List */ = {
			isa = PBXGroup;
			children = (
				65B044512BB8C5AD00825223 /* FoodRow.swift */,
			);
			path = List;
			sourceTree = "<group>";
		};
/* End PBXGroup section */

/* Begin PBXNativeTarget section */
		6581E1482BB8C143007B6940 /* Yemekler-SwiftUI */ = {
			isa = PBXNativeTarget;
			buildConfigurationList = 6581E1572BB8C145007B6940 /* Build configuration list for PBXNativeTarget "Yemekler-SwiftUI" */;
			buildPhases = (
				6581E1452BB8C143007B6940 /* Sources */,
				6581E1462BB8C143007B6940 /* Frameworks */,
				6581E1472BB8C143007B6940 /* Resources */,
			);
			buildRules = (
			);
			dependencies = (
			);
			name = "Yemekler-SwiftUI";
			productName = "Yemekler-SwiftUI";
			productReference = 6581E1492BB8C143007B6940 /* Yemekler-SwiftUI.app */;
			productType = "com.apple.product-type.application";
		};
/* End PBXNativeTarget section */

/* Begin PBXProject section */
		6581E1412BB8C143007B6940 /* Project object */ = {
			isa = PBXProject;
			attributes = {
				BuildIndependentTargetsInParallel = 1;
				LastSwiftUpdateCheck = 1500;
				LastUpgradeCheck = 1500;
				TargetAttributes = {
					6581E1482BB8C143007B6940 = {
						CreatedOnToolsVersion = 15.0;
						LastSwiftMigration = 1530;
					};
				};
			};
			buildConfigurationList = 6581E1442BB8C143007B6940 /* Build configuration list for PBXProject "Yemekler-SwiftUI" */;
			compatibilityVersion = "Xcode 14.0";
			developmentRegion = en;
			hasScannedForEncodings = 0;
			knownRegions = (
				en,
				Base,
			);
			mainGroup = 6581E1402BB8C143007B6940;
			productRefGroup = 6581E14A2BB8C143007B6940 /* Products */;
			projectDirPath = "";
			projectRoot = "";
			targets = (
				6581E1482BB8C143007B6940 /* Yemekler-SwiftUI */,
			);
		};
/* End PBXProject section */

/* Begin PBXResourcesBuildPhase section */
		6581E1472BB8C143007B6940 /* Resources */ = {
			isa = PBXResourcesBuildPhase;
			buildActionMask = 2147483647;
			files = (
				6581E1542BB8C145007B6940 /* Preview Assets.xcassets in Resources */,
				6581E1512BB8C145007B6940 /* Assets.xcassets in Resources */,
				655B8DAB2BC4BFF800BCB45C /* yemek.sqlite in Resources */,
			);
			runOnlyForDeploymentPostprocessing = 0;
		};
/* End PBXResourcesBuildPhase section */

/* Begin PBXSourcesBuildPhase section */
		6581E1452BB8C143007B6940 /* Sources */ = {
			isa = PBXSourcesBuildPhase;
			buildActionMask = 2147483647;
			files = (
				6581E14F2BB8C143007B6940 /* HomeView.swift in Sources */,
				65F4CBCD2BBE0EF500615BC0 /* HomeViewModel.swift in Sources */,
				6564C3882BC4B6EB00D32235 /* FMResultSet.m in Sources */,
				65B0444E2BB8C24500825223 /* DetailView.swift in Sources */,
				6581E14D2BB8C143007B6940 /* Yemekler_SwiftUIApp.swift in Sources */,
				65B044522BB8C5AD00825223 /* FoodRow.swift in Sources */,
				65B044502BB8C2B200825223 /* Model.swift in Sources */,
				6564C38C2BC4B6EB00D32235 /* FMDatabaseAdditions.m in Sources */,
				6564C38B2BC4B6EB00D32235 /* FMDatabasePool.m in Sources */,
				6564C3892BC4B6EB00D32235 /* FMDatabase.m in Sources */,
				6564C38A2BC4B6EB00D32235 /* FMDatabaseQueue.m in Sources */,
			);
			runOnlyForDeploymentPostprocessing = 0;
		};
/* End PBXSourcesBuildPhase section */

/* Begin XCBuildConfiguration section */
		6581E1552BB8C145007B6940 /* Debug */ = {
			isa = XCBuildConfiguration;
			buildSettings = {
				ALWAYS_SEARCH_USER_PATHS = NO;
				ASSETCATALOG_COMPILER_GENERATE_SWIFT_ASSET_SYMBOL_EXTENSIONS = YES;
				CLANG_ANALYZER_NONNULL = YES;
				CLANG_ANALYZER_NUMBER_OBJECT_CONVERSION = YES_AGGRESSIVE;
				CLANG_CXX_LANGUAGE_STANDARD = "gnu++20";
				CLANG_ENABLE_MODULES = YES;
				CLANG_ENABLE_OBJC_ARC = YES;
				CLANG_ENABLE_OBJC_WEAK = YES;
				CLANG_WARN_BLOCK_CAPTURE_AUTORELEASING = YES;
				CLANG_WARN_BOOL_CONVERSION = YES;
				CLANG_WARN_COMMA = YES;
				CLANG_WARN_CONSTANT_CONVERSION = YES;
				CLANG_WARN_DEPRECATED_OBJC_IMPLEMENTATIONS = YES;
				CLANG_WARN_DIRECT_OBJC_ISA_USAGE = YES_ERROR;
				CLANG_WARN_DOCUMENTATION_COMMENTS = YES;
				CLANG_WARN_EMPTY_BODY = YES;
				CLANG_WARN_ENUM_CONVERSION = YES;
				CLANG_WARN_INFINITE_RECURSION = YES;
				CLANG_WARN_INT_CONVERSION = YES;
				CLANG_WARN_NON_LITERAL_NULL_CONVERSION = YES;
				CLANG_WARN_OBJC_IMPLICIT_RETAIN_SELF = YES;
				CLANG_WARN_OBJC_LITERAL_CONVERSION = YES;
				CLANG_WARN_OBJC_ROOT_CLASS = YES_ERROR;
				CLANG_WARN_QUOTED_INCLUDE_IN_FRAMEWORK_HEADER = YES;
				CLANG_WARN_RANGE_LOOP_ANALYSIS = YES;
				CLANG_WARN_STRICT_PROTOTYPES = YES;
				CLANG_WARN_SUSPICIOUS_MOVE = YES;
				CLANG_WARN_UNGUARDED_AVAILABILITY = YES_AGGRESSIVE;
				CLANG_WARN_UNREACHABLE_CODE = YES;
				CLANG_WARN__DUPLICATE_METHOD_MATCH = YES;
				COPY_PHASE_STRIP = NO;
				DEBUG_INFORMATION_FORMAT = dwarf;
				ENABLE_STRICT_OBJC_MSGSEND = YES;
				ENABLE_TESTABILITY = YES;
				ENABLE_USER_SCRIPT_SANDBOXING = YES;
				GCC_C_LANGUAGE_STANDARD = gnu17;
				GCC_DYNAMIC_NO_PIC = NO;
				GCC_NO_COMMON_BLOCKS = YES;
				GCC_OPTIMIZATION_LEVEL = 0;
				GCC_PREPROCESSOR_DEFINITIONS = (
					"DEBUG=1",
					"$(inherited)",
				);
				GCC_WARN_64_TO_32_BIT_CONVERSION = YES;
				GCC_WARN_ABOUT_RETURN_TYPE = YES_ERROR;
				GCC_WARN_UNDECLARED_SELECTOR = YES;
				GCC_WARN_UNINITIALIZED_AUTOS = YES_AGGRESSIVE;
				GCC_WARN_UNUSED_FUNCTION = YES;
				GCC_WARN_UNUSED_VARIABLE = YES;
				IPHONEOS_DEPLOYMENT_TARGET = 17.0;
				LOCALIZATION_PREFERS_STRING_CATALOGS = YES;
				MTL_ENABLE_DEBUG_INFO = INCLUDE_SOURCE;
				MTL_FAST_MATH = YES;
				ONLY_ACTIVE_ARCH = YES;
				SDKROOT = iphoneos;
				SWIFT_ACTIVE_COMPILATION_CONDITIONS = "DEBUG $(inherited)";
				SWIFT_OPTIMIZATION_LEVEL = "-Onone";
			};
			name = Debug;
		};
		6581E1562BB8C145007B6940 /* Release */ = {
			isa = XCBuildConfiguration;
			buildSettings = {
				ALWAYS_SEARCH_USER_PATHS = NO;
				ASSETCATALOG_COMPILER_GENERATE_SWIFT_ASSET_SYMBOL_EXTENSIONS = YES;
				CLANG_ANALYZER_NONNULL = YES;
				CLANG_ANALYZER_NUMBER_OBJECT_CONVERSION = YES_AGGRESSIVE;
				CLANG_CXX_LANGUAGE_STANDARD = "gnu++20";
				CLANG_ENABLE_MODULES = YES;
				CLANG_ENABLE_OBJC_ARC = YES;
				CLANG_ENABLE_OBJC_WEAK = YES;
				CLANG_WARN_BLOCK_CAPTURE_AUTORELEASING = YES;
				CLANG_WARN_BOOL_CONVERSION = YES;
				CLANG_WARN_COMMA = YES;
				CLANG_WARN_CONSTANT_CONVERSION = YES;
				CLANG_WARN_DEPRECATED_OBJC_IMPLEMENTATIONS = YES;
				CLANG_WARN_DIRECT_OBJC_ISA_USAGE = YES_ERROR;
				CLANG_WARN_DOCUMENTATION_COMMENTS = YES;
				CLANG_WARN_EMPTY_BODY = YES;
				CLANG_WARN_ENUM_CONVERSION = YES;
				CLANG_WARN_INFINITE_RECURSION = YES;
				CLANG_WARN_INT_CONVERSION = YES;
				CLANG_WARN_NON_LITERAL_NULL_CONVERSION = YES;
				CLANG_WARN_OBJC_IMPLICIT_RETAIN_SELF = YES;
				CLANG_WARN_OBJC_LITERAL_CONVERSION = YES;
				CLANG_WARN_OBJC_ROOT_CLASS = YES_ERROR;
				CLANG_WARN_QUOTED_INCLUDE_IN_FRAMEWORK_HEADER = YES;
				CLANG_WARN_RANGE_LOOP_ANALYSIS = YES;
				CLANG_WARN_STRICT_PROTOTYPES = YES;
				CLANG_WARN_SUSPICIOUS_MOVE = YES;
				CLANG_WARN_UNGUARDED_AVAILABILITY = YES_AGGRESSIVE;
				CLANG_WARN_UNREACHABLE_CODE = YES;
				CLANG_WARN__DUPLICATE_METHOD_MATCH = YES;
				COPY_PHASE_STRIP = NO;
				DEBUG_INFORMATION_FORMAT = "dwarf-with-dsym";
				ENABLE_NS_ASSERTIONS = NO;
				ENABLE_STRICT_OBJC_MSGSEND = YES;
				ENABLE_USER_SCRIPT_SANDBOXING = YES;
				GCC_C_LANGUAGE_STANDARD = gnu17;
				GCC_NO_COMMON_BLOCKS = YES;
				GCC_WARN_64_TO_32_BIT_CONVERSION = YES;
				GCC_WARN_ABOUT_RETURN_TYPE = YES_ERROR;
				GCC_WARN_UNDECLARED_SELECTOR = YES;
				GCC_WARN_UNINITIALIZED_AUTOS = YES_AGGRESSIVE;
				GCC_WARN_UNUSED_FUNCTION = YES;
				GCC_WARN_UNUSED_VARIABLE = YES;
				IPHONEOS_DEPLOYMENT_TARGET = 17.0;
				LOCALIZATION_PREFERS_STRING_CATALOGS = YES;
				MTL_ENABLE_DEBUG_INFO = NO;
				MTL_FAST_MATH = YES;
				SDKROOT = iphoneos;
				SWIFT_COMPILATION_MODE = wholemodule;
				VALIDATE_PRODUCT = YES;
			};
			name = Release;
		};
		6581E1582BB8C145007B6940 /* Debug */ = {
			isa = XCBuildConfiguration;
			buildSettings = {
				ASSETCATALOG_COMPILER_APPICON_NAME = AppIcon;
				ASSETCATALOG_COMPILER_GLOBAL_ACCENT_COLOR_NAME = AccentColor;
				CLANG_ENABLE_MODULES = YES;
				CODE_SIGN_STYLE = Automatic;
				CURRENT_PROJECT_VERSION = 1;
				DEVELOPMENT_ASSET_PATHS = "\"Yemekler-SwiftUI/Preview Content\"";
				DEVELOPMENT_TEAM = Y9XJT8FRMC;
				ENABLE_PREVIEWS = YES;
				GENERATE_INFOPLIST_FILE = YES;
				INFOPLIST_KEY_UIApplicationSceneManifest_Generation = YES;
				INFOPLIST_KEY_UIApplicationSupportsIndirectInputEvents = YES;
				INFOPLIST_KEY_UILaunchScreen_Generation = YES;
				INFOPLIST_KEY_UISupportedInterfaceOrientations_iPad = "UIInterfaceOrientationPortrait UIInterfaceOrientationPortraitUpsideDown UIInterfaceOrientationLandscapeLeft UIInterfaceOrientationLandscapeRight";
				INFOPLIST_KEY_UISupportedInterfaceOrientations_iPhone = "UIInterfaceOrientationPortrait UIInterfaceOrientationLandscapeLeft UIInterfaceOrientationLandscapeRight";
				LD_RUNPATH_SEARCH_PATHS = (
					"$(inherited)",
					"@executable_path/Frameworks",
				);
				MARKETING_VERSION = 1.0;
				PRODUCT_BUNDLE_IDENTIFIER = "com.furkancingoz.Yemekler-SwiftUI";
				PRODUCT_NAME = "$(TARGET_NAME)";
				SWIFT_EMIT_LOC_STRINGS = YES;
				SWIFT_OBJC_BRIDGING_HEADER = "Yemekler-SwiftUI/Model/FMDB/Yemekler-SwiftUI-Bridging-Header.h";
				SWIFT_OPTIMIZATION_LEVEL = "-Onone";
				SWIFT_VERSION = 5.0;
				TARGETED_DEVICE_FAMILY = "1,2";
			};
			name = Debug;
		};
		6581E1592BB8C145007B6940 /* Release */ = {
			isa = XCBuildConfiguration;
			buildSettings = {
				ASSETCATALOG_COMPILER_APPICON_NAME = AppIcon;
				ASSETCATALOG_COMPILER_GLOBAL_ACCENT_COLOR_NAME = AccentColor;
				CLANG_ENABLE_MODULES = YES;
				CODE_SIGN_STYLE = Automatic;
				CURRENT_PROJECT_VERSION = 1;
				DEVELOPMENT_ASSET_PATHS = "\"Yemekler-SwiftUI/Preview Content\"";
				DEVELOPMENT_TEAM = Y9XJT8FRMC;
				ENABLE_PREVIEWS = YES;
				GENERATE_INFOPLIST_FILE = YES;
				INFOPLIST_KEY_UIApplicationSceneManifest_Generation = YES;
				INFOPLIST_KEY_UIApplicationSupportsIndirectInputEvents = YES;
				INFOPLIST_KEY_UILaunchScreen_Generation = YES;
				INFOPLIST_KEY_UISupportedInterfaceOrientations_iPad = "UIInterfaceOrientationPortrait UIInterfaceOrientationPortraitUpsideDown UIInterfaceOrientationLandscapeLeft UIInterfaceOrientationLandscapeRight";
				INFOPLIST_KEY_UISupportedInterfaceOrientations_iPhone = "UIInterfaceOrientationPortrait UIInterfaceOrientationLandscapeLeft UIInterfaceOrientationLandscapeRight";
				LD_RUNPATH_SEARCH_PATHS = (
					"$(inherited)",
					"@executable_path/Frameworks",
				);
				MARKETING_VERSION = 1.0;
				PRODUCT_BUNDLE_IDENTIFIER = "com.furkancingoz.Yemekler-SwiftUI";
				PRODUCT_NAME = "$(TARGET_NAME)";
				SWIFT_EMIT_LOC_STRINGS = YES;
				SWIFT_OBJC_BRIDGING_HEADER = "Yemekler-SwiftUI/Model/FMDB/Yemekler-SwiftUI-Bridging-Header.h";
				SWIFT_VERSION = 5.0;
				TARGETED_DEVICE_FAMILY = "1,2";
			};
			name = Release;
		};
/* End XCBuildConfiguration section */

/* Begin XCConfigurationList section */
		6581E1442BB8C143007B6940 /* Build configuration list for PBXProject "Yemekler-SwiftUI" */ = {
			isa = XCConfigurationList;
			buildConfigurations = (
				6581E1552BB8C145007B6940 /* Debug */,
				6581E1562BB8C145007B6940 /* Release */,
			);
			defaultConfigurationIsVisible = 0;
			defaultConfigurationName = Release;
		};
		6581E1572BB8C145007B6940 /* Build configuration list for PBXNativeTarget "Yemekler-SwiftUI" */ = {
			isa = XCConfigurationList;
			buildConfigurations = (
				6581E1582BB8C145007B6940 /* Debug */,
				6581E1592BB8C145007B6940 /* Release */,
			);
			defaultConfigurationIsVisible = 0;
			defaultConfigurationName = Release;
		};
/* End XCConfigurationList section */
	};
	rootObject = 6581E1412BB8C143007B6940 /* Project object */;
}
